Microsoft Visual Studio Solution File, Format Version 12.00
# Visual Studio 2012
Project("{FAE04EC0-301F-11D3-BF4B-00C04F79EFBC}") = "ChessBoogaloo", "ChessBoogaloo.csproj", "{6175A3FD-B8F1-4C20-A5E7-1CCE162B01EB}"
EndProject
Global
	GlobalSection(SolutionConfigurationPlatforms) = preSolution
	Debug|Any CPU = Debug|Any CPU
	ExportDebug|Any CPU = ExportDebug|Any CPU
	ExportRelease|Any CPU = ExportRelease|Any CPU
	EndGlobalSection
	GlobalSection(ProjectConfigurationPlatforms) = postSolution
		{6175A3FD-B8F1-4C20-A5E7-1CCE162B01EB}.Debug|Any CPU.ActiveCfg = Debug|Any CPU
		{6175A3FD-B8F1-4C20-A5E7-1CCE162B01EB}.Debug|Any CPU.Build.0 = Debug|Any CPU
		{6175A3FD-B8F1-4C20-A5E7-1CCE162B01EB}.ExportDebug|Any CPU.ActiveCfg = ExportDebug|Any CPU
		{6175A3FD-B8F1-4C20-A5E7-1CCE162B01EB}.ExportDebug|Any CPU.Build.0 = ExportDebug|Any CPU
		{6175A3FD-B8F1-4C20-A5E7-1CCE162B01EB}.ExportRelease|Any CPU.ActiveCfg = ExportRelease|Any CPU
		{6175A3FD-B8F1-4C20-A5E7-1CCE162B01EB}.ExportRelease|Any CPU.Build.0 = ExportRelease|Any CPU
	EndGlobalSection
EndGlobal
